
Microsoft Visual Studio Solution File, Format Version 12.00
# Visual Studio Version 17
VisualStudioVersion = 17.9.34728.123
MinimumVisualStudioVersion = 10.0.40219.1
Project("{FAE04EC0-301F-11D3-BF4B-00C04F79EFBC}") = "ClnMinimarke", "ClnMinimarke\ClnMinimarke.csproj", "{6C003BE8-264D-402D-9263-707538127DE7}"
EndProject
Project("{9A19103F-16F7-4668-BE54-9A1E7A4F7556}") = "CpMinimarke", "CpMinimarke\CpMinimarke.csproj", "{C6E9A7DF-8A20-4C39-A039-5F6CCAF36E8E}"
EndProject
Project("{FAE04EC0-301F-11D3-BF4B-00C04F79EFBC}") = "CadMinimarke", "CadMinimarke\CadMinimarke.csproj", "{7243EE4A-BAE2-446D-A341-E8322A50066C}"
EndProject
Global
	GlobalSection(SolutionConfigurationPlatforms) = preSolution
		Debug|Any CPU = Debug|Any CPU
		Release|Any CPU = Release|Any CPU
	EndGlobalSection
	GlobalSection(ProjectConfigurationPlatforms) = postSolution
		{6C003BE8-264D-402D-9263-707538127DE7}.Debug|Any CPU.ActiveCfg = Debug|Any CPU
		{6C003BE8-264D-402D-9263-707538127DE7}.Debug|Any CPU.Build.0 = Debug|Any CPU
		{6C003BE8-264D-402D-9263-707538127DE7}.Release|Any CPU.ActiveCfg = Release|Any CPU
		{6C003BE8-264D-402D-9263-707538127DE7}.Release|Any CPU.Build.0 = Release|Any CPU
		{C6E9A7DF-8A20-4C39-A039-5F6CCAF36E8E}.Debug|Any CPU.ActiveCfg = Debug|Any CPU
		{C6E9A7DF-8A20-4C39-A039-5F6CCAF36E8E}.Debug|Any CPU.Build.0 = Debug|Any CPU
		{C6E9A7DF-8A20-4C39-A039-5F6CCAF36E8E}.Release|Any CPU.ActiveCfg = Release|Any CPU
		{C6E9A7DF-8A20-4C39-A039-5F6CCAF36E8E}.Release|Any CPU.Build.0 = Release|Any CPU
		{7243EE4A-BAE2-446D-A341-E8322A50066C}.Debug|Any CPU.ActiveCfg = Debug|Any CPU
		{7243EE4A-BAE2-446D-A341-E8322A50066C}.Debug|Any CPU.Build.0 = Debug|Any CPU
		{7243EE4A-BAE2-446D-A341-E8322A50066C}.Release|Any CPU.ActiveCfg = Release|Any CPU
		{7243EE4A-BAE2-446D-A341-E8322A50066C}.Release|Any CPU.Build.0 = Release|Any CPU
	EndGlobalSection
	GlobalSection(SolutionProperties) = preSolution
		HideSolutionNode = FALSE
	EndGlobalSection
	GlobalSection(ExtensibilityGlobals) = postSolution
		SolutionGuid = {43859D73-2D57-4E27-A2B7-4DE87F83AA5F}
	EndGlobalSection
EndGlobal
